dependencies:
  espressif/ssd1306:
    component_hash: 102cfc05b1b304862fa3f494e9dd955844bcc5f6cb16596e4ca5df3e6bf9fd0d
    source:
      service_url: https://api.components.espressif.com/
      type: service
    version: 1.0.5~1
  idf:
    component_hash: null
    source:
      type: idf
    version: 5.2.1
manifest_hash: bf815bc1097df8c6af00e9403597b33882e617270e23c1ceeb080ade0aa2c1e0
target: esp32
version: 1.0.0
